PODS:
  - KZWUtils (2.0.0):
    - KZWUtils/Content (= 2.0.0)
  - KZWUtils/Content (2.0.0):
    - MJRefresh
    - SAMKeychain
  - MJRefresh (3.1.15.7)
  - SAMKeychain (1.5.3)

DEPENDENCIES:
  - KZWUtils (from `../`)

SPEC REPOS:
  https://github.com/cocoapods/specs.git:
    - MJRefresh
    - SAMKeychain

EXTERNAL SOURCES:
  KZWUtils:
    :path: "../"

SPEC CHECKSUMS:
  KZWUtils: 1e0ba13bcd58fcadaa03dd2251d9fac32a00cdc8
  MJRefresh: 697f8ec75ebdbe9207767bb682cf0f51b0d8a41f
  SAMKeychain: 483e1c9f32984d50ca961e26818a534283b4cd5c

PODFILE CHECKSUM: ca7c22e21e67e67f04ae4d2b67fb35567da2bdf6

COCOAPODS: 1.6.1
